
Microsoft Visual Studio Solution File, Format Version 12.00
# Visual Studio Version 17
VisualStudioVersion = 17.4.33122.133
MinimumVisualStudioVersion = 10.0.40219.1
Project("{FAE04EC0-301F-11D3-BF4B-00C04F79EFBC}") = "BasicCore", "BasicCore.csproj", "{FC233732-2046-45BF-8DD4-F2A809552DEC}"
EndProject
Global
	GlobalSection(SolutionConfigurationPlatforms) = preSolution
		Debug|Any CPU = Debug|Any CPU
		Release|Any CPU = Release|Any CPU
	EndGlobalSection
	GlobalSection(ProjectConfigurationPlatforms) = postSolution
		{FC233732-2046-45BF-8DD4-F2A809552DEC}.Debug|Any CPU.ActiveCfg = Debug|Any CPU
		{FC233732-2046-45BF-8DD4-F2A809552DEC}.Debug|Any CPU.Build.0 = Debug|Any CPU
		{FC233732-2046-45BF-8DD4-F2A809552DEC}.Release|Any CPU.ActiveCfg = Release|Any CPU
		{FC233732-2046-45BF-8DD4-F2A809552DEC}.Release|Any CPU.Build.0 = Release|Any CPU
	EndGlobalSection
	GlobalSection(SolutionProperties) = preSolution
		HideSolutionNode = FALSE
	EndGlobalSection
	GlobalSection(ExtensibilityGlobals) = postSolution
		SolutionGuid = {6FE8F3D4-DAF6-4CE2-83FF-38C3F1DA1ABA}
	EndGlobalSection
EndGlobal
