
Microsoft Visual Studio Solution File, Format Version 12.00
# Visual Studio Version 17
VisualStudioVersion = 17.3.32929.385
MinimumVisualStudioVersion = 10.0.40219.1
Project("{FAE04EC0-301F-11D3-BF4B-00C04F79EFBC}") = "my-portfolio-app", "my-portfolio-app\my-portfolio-app.csproj", "{C3EBEDAC-25C9-4A33-85EB-808B38BF73DF}"
EndProject
Global
	GlobalSection(SolutionConfigurationPlatforms) = preSolution
		Debug|Any CPU = Debug|Any CPU
		Release|Any CPU = Release|Any CPU
	EndGlobalSection
	GlobalSection(ProjectConfigurationPlatforms) = postSolution
		{C3EBEDAC-25C9-4A33-85EB-808B38BF73DF}.Debug|Any CPU.ActiveCfg = Debug|Any CPU
		{C3EBEDAC-25C9-4A33-85EB-808B38BF73DF}.Debug|Any CPU.Build.0 = Debug|Any CPU
		{C3EBEDAC-25C9-4A33-85EB-808B38BF73DF}.Release|Any CPU.ActiveCfg = Release|Any CPU
		{C3EBEDAC-25C9-4A33-85EB-808B38BF73DF}.Release|Any CPU.Build.0 = Release|Any CPU
	EndGlobalSection
	GlobalSection(SolutionProperties) = preSolution
		HideSolutionNode = FALSE
	EndGlobalSection
	GlobalSection(ExtensibilityGlobals) = postSolution
		SolutionGuid = {668DB63A-11A3-4B6B-AAC9-98A39A090145}
	EndGlobalSection
EndGlobal
