
Microsoft Visual Studio Solution File, Format Version 12.00
# Visual Studio Version 17
VisualStudioVersion = 17.5.33502.453
MinimumVisualStudioVersion = 10.0.40219.1
Project("{9A19103F-16F7-4668-BE54-9A1E7A4F7556}") = "TodoListApi", "TodoListApi\TodoListApi.csproj", "{0771869D-9BCD-40A0-8855-B1BAB1D0A5E8}"
EndProject
Project("{9A19103F-16F7-4668-BE54-9A1E7A4F7556}") = "TodoFrontWeb", "TodoFrontWeb\TodoFrontWeb.csproj", "{0221889D-3670-4025-8A85-C60553630F57}"
EndProject
Project("{FAE04EC0-301F-11D3-BF4B-00C04F79EFBC}") = "TodoListWpf", "TodoListWpf\TodoListWpf.csproj", "{8CCF80AA-B9D4-4ADA-B1FA-0D58ED39A4A1}"
EndProject
Global
	GlobalSection(SolutionConfigurationPlatforms) = preSolution
		Debug|Any CPU = Debug|Any CPU
		Release|Any CPU = Release|Any CPU
	EndGlobalSection
	GlobalSection(ProjectConfigurationPlatforms) = postSolution
		{0771869D-9BCD-40A0-8855-B1BAB1D0A5E8}.Debug|Any CPU.ActiveCfg = Debug|Any CPU
		{0771869D-9BCD-40A0-8855-B1BAB1D0A5E8}.Debug|Any CPU.Build.0 = Debug|Any CPU
		{0771869D-9BCD-40A0-8855-B1BAB1D0A5E8}.Release|Any CPU.ActiveCfg = Release|Any CPU
		{0771869D-9BCD-40A0-8855-B1BAB1D0A5E8}.Release|Any CPU.Build.0 = Release|Any CPU
		{0221889D-3670-4025-8A85-C60553630F57}.Debug|Any CPU.ActiveCfg = Debug|Any CPU
		{0221889D-3670-4025-8A85-C60553630F57}.Debug|Any CPU.Build.0 = Debug|Any CPU
		{0221889D-3670-4025-8A85-C60553630F57}.Release|Any CPU.ActiveCfg = Release|Any CPU
		{0221889D-3670-4025-8A85-C60553630F57}.Release|Any CPU.Build.0 = Release|Any CPU
		{8CCF80AA-B9D4-4ADA-B1FA-0D58ED39A4A1}.Debug|Any CPU.ActiveCfg = Debug|Any CPU
		{8CCF80AA-B9D4-4ADA-B1FA-0D58ED39A4A1}.Debug|Any CPU.Build.0 = Debug|Any CPU
		{8CCF80AA-B9D4-4ADA-B1FA-0D58ED39A4A1}.Release|Any CPU.ActiveCfg = Release|Any CPU
		{8CCF80AA-B9D4-4ADA-B1FA-0D58ED39A4A1}.Release|Any CPU.Build.0 = Release|Any CPU
	EndGlobalSection
	GlobalSection(SolutionProperties) = preSolution
		HideSolutionNode = FALSE
	EndGlobalSection
	GlobalSection(ExtensibilityGlobals) = postSolution
		SolutionGuid = {794A599B-00A2-4624-ADD9-CD8531B4676E}
	EndGlobalSection
EndGlobal
