
Microsoft Visual Studio Solution File, Format Version 12.00
# Visual Studio Version 17
VisualStudioVersion = 17.4.33122.133
MinimumVisualStudioVersion = 10.0.40219.1
Project("{FAE04EC0-301F-11D3-BF4B-00C04F79EFBC}") = "ReactApiApp", "ReactApiApp\ReactApiApp.csproj", "{1C918997-CF17-4DDA-AE76-E1AD6C47CC99}"
EndProject
Global
	GlobalSection(SolutionConfigurationPlatforms) = preSolution
		Debug|Any CPU = Debug|Any CPU
		Release|Any CPU = Release|Any CPU
	EndGlobalSection
	GlobalSection(ProjectConfigurationPlatforms) = postSolution
		{1C918997-CF17-4DDA-AE76-E1AD6C47CC99}.Debug|Any CPU.ActiveCfg = Debug|Any CPU
		{1C918997-CF17-4DDA-AE76-E1AD6C47CC99}.Debug|Any CPU.Build.0 = Debug|Any CPU
		{1C918997-CF17-4DDA-AE76-E1AD6C47CC99}.Release|Any CPU.ActiveCfg = Release|Any CPU
		{1C918997-CF17-4DDA-AE76-E1AD6C47CC99}.Release|Any CPU.Build.0 = Release|Any CPU
	EndGlobalSection
	GlobalSection(SolutionProperties) = preSolution
		HideSolutionNode = FALSE
	EndGlobalSection
	GlobalSection(ExtensibilityGlobals) = postSolution
		SolutionGuid = {B330F0A5-AABE-41AC-82D0-38C1FA1C382C}
	EndGlobalSection
EndGlobal
